
Microsoft Visual Studio Solution File, Format Version 12.00
# Visual Studio Version 17
VisualStudioVersion = 17.4.33205.214
MinimumVisualStudioVersion = 10.0.40219.1
Project("{FAE04EC0-301F-11D3-BF4B-00C04F79EFBC}") = "SisVentas", "SisVentas\SisVentas.csproj", "{82153E89-5F9F-4422-B6DC-2A39EE527DEC}"
EndProject
Global
	GlobalSection(SolutionConfigurationPlatforms) = preSolution
		Debug|Any CPU = Debug|Any CPU
		Release|Any CPU = Release|Any CPU
	EndGlobalSection
	GlobalSection(ProjectConfigurationPlatforms) = postSolution
		{82153E89-5F9F-4422-B6DC-2A39EE527DEC}.Debug|Any CPU.ActiveCfg = Debug|Any CPU
		{82153E89-5F9F-4422-B6DC-2A39EE527DEC}.Debug|Any CPU.Build.0 = Debug|Any CPU
		{82153E89-5F9F-4422-B6DC-2A39EE527DEC}.Release|Any CPU.ActiveCfg = Release|Any CPU
		{82153E89-5F9F-4422-B6DC-2A39EE527DEC}.Release|Any CPU.Build.0 = Release|Any CPU
	EndGlobalSection
	GlobalSection(SolutionProperties) = preSolution
		HideSolutionNode = FALSE
	EndGlobalSection
	GlobalSection(ExtensibilityGlobals) = postSolution
		SolutionGuid = {55DA5121-E9A6-4548-8BAB-6FFF6CA6BA3C}
	EndGlobalSection
EndGlobal
